// !$*UTF8*$!
{
	archiveVersion = 1;
	classes = {
	};
	objectVersion = 46;
	objects = {

/* Begin PBXBuildFile section */
		5FA351321C0977CE0019210E /* libLeap.dylib in CopyFiles */ = {isa = PBXBuildFile; fileRef = 5FA351311C0977CE0019210E /* libLeap.dylib */; settings = {ATTRIBUTES = (CodeSignOnCopy, ); }; };
		5FA351331C0977DB0019210E /* libLeap.dylib in Frameworks */ = {isa = PBXBuildFile; fileRef = 5FA351311C0977CE0019210E /* libLeap.dylib */; };
		5FA351361C098A380019210E /* Frontend.cpp in Sources */ = {isa = PBXBuildFile; fileRef = 5FA351341C098A380019210E /* Frontend.cpp */; };
		5FA351381C098C740019210E /* Airwriting.cpp in Sources */ = {isa = PBXBuildFile; fileRef = 5FA351371C098C740019210E /* Airwriting.cpp */; };
		5FA3513B1C098CEE0019210E /* AirwritingListener.cpp in Sources */ = {isa = PBXBuildFile; fileRef = 5FA351391C098CEE0019210E /* AirwritingListener.cpp */; };
		5FA3513E1C09962D0019210E /* Backend.cpp in Sources */ = {isa = PBXBuildFile; fileRef = 5FA3513C1C09962C0019210E /* Backend.cpp */; };
		5FA351441C099C870019210E /* Canvas.cpp in Sources */ = {isa = PBXBuildFile; fileRef = 5FA351421C099C870019210E /* Canvas.cpp */; };
/* End PBXBuildFile section */

/* Begin PBXCopyFilesBuildPhase section */
		5FA3511F1C0973CB0019210E /* CopyFiles */ = {
			isa = PBXCopyFilesBuildPhase;
			buildActionMask = 2147483647;
			dstPath = /usr/share/man/man1/;
			dstSubfolderSpec = 0;
			files = (
			);
			runOnlyForDeploymentPostprocessing = 1;
		};
		5FA351301C0977A80019210E /* CopyFiles */ = {
			isa = PBXCopyFilesBuildPhase;
			buildActionMask = 2147483647;
			dstPath = "";
			dstSubfolderSpec = 6;
			files = (
				5FA351321C0977CE0019210E /* libLeap.dylib in CopyFiles */,
			);
			runOnlyForDeploymentPostprocessing = 0;
		};
/* End PBXCopyFilesBuildPhase section */

/* Begin PBXFileReference section */
		5FA351211C0973CB0019210E /* Airwriting */ = {isa = PBXFileReference; explicitFileType = "compiled.mach-o.executable"; includeInIndex = 0; path = Airwriting; sourceTree = BUILT_PRODUCTS_DIR; };
		5FA3512D1C0976060019210E /* libLeap.dylib */ = {isa = PBXFileReference; lastKnownFileType = "compiled.mach-o.dylib"; name = libLeap.dylib; path = ../../../../usr/LeapSDK/lib/libLeap.dylib; sourceTree = "<group>"; };
		5FA351311C0977CE0019210E /* libLeap.dylib */ = {isa = PBXFileReference; lastKnownFileType = "compiled.mach-o.dylib"; name = libLeap.dylib; path = ../../../../usr/LeapSDK/lib/libLeap.dylib; sourceTree = "<group>"; };
		5FA351341C098A380019210E /* Frontend.cpp */ = {isa = PBXFileReference; fileEncoding = 4; lastKnownFileType = sourcecode.cpp.cpp; path = Frontend.cpp; sourceTree = "<group>"; };
		5FA351351C098A380019210E /* Frontend.h */ = {isa = PBXFileReference; fileEncoding = 4; lastKnownFileType = sourcecode.c.h; path = Frontend.h; sourceTree = "<group>"; };
		5FA351371C098C740019210E /* Airwriting.cpp */ = {isa = PBXFileReference; fileEncoding = 4; lastKnownFileType = sourcecode.cpp.cpp; path = Airwriting.cpp; sourceTree = "<group>"; };
		5FA351391C098CEE0019210E /* AirwritingListener.cpp */ = {isa = PBXFileReference; fileEncoding = 4; lastKnownFileType = sourcecode.cpp.cpp; path = AirwritingListener.cpp; sourceTree = "<group>"; };
		5FA3513A1C098CEE0019210E /* AirwritingListener.h */ = {isa = PBXFileReference; fileEncoding = 4; lastKnownFileType = sourcecode.c.h; path = AirwritingListener.h; sourceTree = "<group>"; };
		5FA3513C1C09962C0019210E /* Backend.cpp */ = {isa = PBXFileReference; fileEncoding = 4; lastKnownFileType = sourcecode.cpp.cpp; path = Backend.cpp; sourceTree = "<group>"; };
		5FA3513D1C09962D0019210E /* Backend.h */ = {isa = PBXFileReference; fileEncoding = 4; lastKnownFileType = sourcecode.c.h; path = Backend.h; sourceTree = "<group>"; };
		5FA351421C099C870019210E /* Canvas.cpp */ = {isa = PBXFileReference; fileEncoding = 4; lastKnownFileType = sourcecode.cpp.cpp; path = Canvas.cpp; sourceTree = "<group>"; };
		5FA351431C099C870019210E /* Canvas.h */ = {isa = PBXFileReference; fileEncoding = 4; lastKnownFileType = sourcecode.c.h; path = Canvas.h; sourceTree = "<group>"; };
/* End PBXFileReference section */

/* Begin PBXFrameworksBuildPhase section */
		5FA3511E1C0973CB0019210E /* Frameworks */ = {
			isa = PBXFrameworksBuildPhase;
			buildActionMask = 2147483647;
			files = (
				5FA351331C0977DB0019210E /* libLeap.dylib in Frameworks */,
			);
			runOnlyForDeploymentPostprocessing = 0;
		};
/* End PBXFrameworksBuildPhase section */

/* Begin PBXGroup section */
		5FA351181C0973CB0019210E = {
			isa = PBXGroup;
			children = (
				5FA351311C0977CE0019210E /* libLeap.dylib */,
				5FA3512D1C0976060019210E /* libLeap.dylib */,
				5FA351231C0973CB0019210E /* src */,
				5FA351221C0973CB0019210E /* Products */,
			);
			sourceTree = "<group>";
		};
		5FA351221C0973CB0019210E /* Products */ = {
			isa = PBXGroup;
			children = (
				5FA351211C0973CB0019210E /* Airwriting */,
			);
			name = Products;
			sourceTree = "<group>";
		};
		5FA351231C0973CB0019210E /* src */ = {
			isa = PBXGroup;
			children = (
				5FA351371C098C740019210E /* Airwriting.cpp */,
				5FA351391C098CEE0019210E /* AirwritingListener.cpp */,
				5FA3513A1C098CEE0019210E /* AirwritingListener.h */,
				5FA351421C099C870019210E /* Canvas.cpp */,
				5FA351431C099C870019210E /* Canvas.h */,
				5FA351341C098A380019210E /* Frontend.cpp */,
				5FA351351C098A380019210E /* Frontend.h */,
				5FA3513C1C09962C0019210E /* Backend.cpp */,
				5FA3513D1C09962D0019210E /* Backend.h */,
			);
			path = src;
			sourceTree = "<group>";
		};
/* End PBXGroup section */

/* Begin PBXNativeTarget section */
		5FA351201C0973CB0019210E /* Airwriting */ = {
			isa = PBXNativeTarget;
			buildConfigurationList = 5FA351281C0973CB0019210E /* Build configuration list for PBXNativeTarget "Airwriting" */;
			buildPhases = (
				5FA3511D1C0973CB0019210E /* Sources */,
				5FA3511E1C0973CB0019210E /* Frameworks */,
				5FA3511F1C0973CB0019210E /* CopyFiles */,
				5FA351301C0977A80019210E /* CopyFiles */,
			);
			buildRules = (
			);
			dependencies = (
			);
			name = Airwriting;
			productName = Sample;
			productReference = 5FA351211C0973CB0019210E /* Airwriting */;
			productType = "com.apple.product-type.tool";
		};
/* End PBXNativeTarget section */

/* Begin PBXProject section */
		5FA351191C0973CB0019210E /* Project object */ = {
			isa = PBXProject;
			attributes = {
				LastUpgradeCheck = 0710;
				ORGANIZATIONNAME = "徐炜杰";
				TargetAttributes = {
					5FA351201C0973CB0019210E = {
						CreatedOnToolsVersion = 7.1.1;
					};
				};
			};
			buildConfigurationList = 5FA3511C1C0973CB0019210E /* Build configuration list for PBXProject "Airwriting" */;
			compatibilityVersion = "Xcode 3.2";
			developmentRegion = English;
			hasScannedForEncodings = 0;
			knownRegions = (
				en,
			);
			mainGroup = 5FA351181C0973CB0019210E;
			productRefGroup = 5FA351221C0973CB0019210E /* Products */;
			projectDirPath = "";
			projectRoot = "";
			targets = (
				5FA351201C0973CB0019210E /* Airwriting */,
			);
		};
/* End PBXProject section */

/* Begin PBXSourcesBuildPhase section */
		5FA3511D1C0973CB0019210E /* Sources */ = {
			isa = PBXSourcesBuildPhase;
			buildActionMask = 2147483647;
			files = (
				5FA3513E1C09962D0019210E /* Backend.cpp in Sources */,
				5FA3513B1C098CEE0019210E /* AirwritingListener.cpp in Sources */,
				5FA351441C099C870019210E /* Canvas.cpp in Sources */,
				5FA351361C098A380019210E /* Frontend.cpp in Sources */,
				5FA351381C098C740019210E /* Airwriting.cpp in Sources */,
			);
			runOnlyForDeploymentPostprocessing = 0;
		};
/* End PBXSourcesBuildPhase section */

/* Begin XCBuildConfiguration section */
		5FA351261C0973CB0019210E /* Debug */ = {
			isa = XCBuildConfiguration;
			buildSettings = {
				ALWAYS_SEARCH_USER_PATHS = NO;
				CLANG_CXX_LANGUAGE_STANDARD = "gnu++0x";
				CLANG_CXX_LIBRARY = "libc++";
				CLANG_ENABLE_MODULES = YES;
				CLANG_ENABLE_OBJC_ARC = YES;
				CLANG_WARN_BOOL_CONVERSION = YES;
				CLANG_WARN_CONSTANT_CONVERSION = YES;
				CLANG_WARN_DIRECT_OBJC_ISA_USAGE = YES_ERROR;
				CLANG_WARN_EMPTY_BODY = YES;
				CLANG_WARN_ENUM_CONVERSION = YES;
				CLANG_WARN_INT_CONVERSION = YES;
				CLANG_WARN_OBJC_ROOT_CLASS = YES_ERROR;
				CLANG_WARN_UNREACHABLE_CODE = YES;
				CLANG_WARN__DUPLICATE_METHOD_MATCH = YES;
				CODE_SIGN_IDENTITY = "-";
				COPY_PHASE_STRIP = NO;
				DEBUG_INFORMATION_FORMAT = dwarf;
				ENABLE_STRICT_OBJC_MSGSEND = YES;
				ENABLE_TESTABILITY = YES;
				GCC_C_LANGUAGE_STANDARD = gnu99;
				GCC_DYNAMIC_NO_PIC = NO;
				GCC_NO_COMMON_BLOCKS = YES;
				GCC_OPTIMIZATION_LEVEL = 0;
				GCC_PREPROCESSOR_DEFINITIONS = (
					"DEBUG=1",
					"$(inherited)",
				);
				GCC_WARN_64_TO_32_BIT_CONVERSION = YES;
				GCC_WARN_ABOUT_RETURN_TYPE = YES_ERROR;
				GCC_WARN_UNDECLARED_SELECTOR = YES;
				GCC_WARN_UNINITIALIZED_AUTOS = YES_AGGRESSIVE;
				GCC_WARN_UNUSED_FUNCTION = YES;
				GCC_WARN_UNUSED_VARIABLE = YES;
				MACOSX_DEPLOYMENT_TARGET = 10.10;
				MTL_ENABLE_DEBUG_INFO = YES;
				ONLY_ACTIVE_ARCH = YES;
				SDKROOT = macosx;
			};
			name = Debug;
		};
		5FA351271C0973CB0019210E /* Release */ = {
			isa = XCBuildConfiguration;
			buildSettings = {
				ALWAYS_SEARCH_USER_PATHS = NO;
				CLANG_CXX_LANGUAGE_STANDARD = "gnu++0x";
				CLANG_CXX_LIBRARY = "libc++";
				CLANG_ENABLE_MODULES = YES;
				CLANG_ENABLE_OBJC_ARC = YES;
				CLANG_WARN_BOOL_CONVERSION = YES;
				CLANG_WARN_CONSTANT_CONVERSION = YES;
				CLANG_WARN_DIRECT_OBJC_ISA_USAGE = YES_ERROR;
				CLANG_WARN_EMPTY_BODY = YES;
				CLANG_WARN_ENUM_CONVERSION = YES;
				CLANG_WARN_INT_CONVERSION = YES;
				CLANG_WARN_OBJC_ROOT_CLASS = YES_ERROR;
				CLANG_WARN_UNREACHABLE_CODE = YES;
				CLANG_WARN__DUPLICATE_METHOD_MATCH = YES;
				CODE_SIGN_IDENTITY = "-";
				COPY_PHASE_STRIP = NO;
				DEBUG_INFORMATION_FORMAT = "dwarf-with-dsym";
				ENABLE_NS_ASSERTIONS = NO;
				ENABLE_STRICT_OBJC_MSGSEND = YES;
				GCC_C_LANGUAGE_STANDARD = gnu99;
				GCC_NO_COMMON_BLOCKS = YES;
				GCC_WARN_64_TO_32_BIT_CONVERSION = YES;
				GCC_WARN_ABOUT_RETURN_TYPE = YES_ERROR;
				GCC_WARN_UNDECLARED_SELECTOR = YES;
				GCC_WARN_UNINITIALIZED_AUTOS = YES_AGGRESSIVE;
				GCC_WARN_UNUSED_FUNCTION = YES;
				GCC_WARN_UNUSED_VARIABLE = YES;
				MACOSX_DEPLOYMENT_TARGET = 10.10;
				MTL_ENABLE_DEBUG_INFO = NO;
				SDKROOT = macosx;
			};
			name = Release;
		};
		5FA351291C0973CB0019210E /* Debug */ = {
			isa = XCBuildConfiguration;
			buildSettings = {
				HEADER_SEARCH_PATHS = /usr/LeapSDK/include;
				LIBRARY_SEARCH_PATHS = /usr/LeapSDK/lib;
				PRODUCT_NAME = Airwriting;
				SDKROOT = macosx;
			};
			name = Debug;
		};
		5FA3512A1C0973CB0019210E /* Release */ = {
			isa = XCBuildConfiguration;
			buildSettings = {
				HEADER_SEARCH_PATHS = /usr/LeapSDK/include;
				LIBRARY_SEARCH_PATHS = /usr/LeapSDK/lib;
				PRODUCT_NAME = Airwriting;
				SDKROOT = macosx;
			};
			name = Release;
		};
/* End XCBuildConfiguration section */

/* Begin XCConfigurationList section */
		5FA3511C1C0973CB0019210E /* Build configuration list for PBXProject "Airwriting" */ = {
			isa = XCConfigurationList;
			buildConfigurations = (
				5FA351261C0973CB0019210E /* Debug */,
				5FA351271C0973CB0019210E /* Release */,
			);
			defaultConfigurationIsVisible = 0;
			defaultConfigurationName = Release;
		};
		5FA351281C0973CB0019210E /* Build configuration list for PBXNativeTarget "Airwriting" */ = {
			isa = XCConfigurationList;
			buildConfigurations = (
				5FA351291C0973CB0019210E /* Debug */,
				5FA3512A1C0973CB0019210E /* Release */,
			);
			defaultConfigurationIsVisible = 0;
			defaultConfigurationName = Release;
		};
/* End XCConfigurationList section */
	};
	rootObject = 5FA351191C0973CB0019210E /* Project object */;
}
